
Microsoft Visual Studio Solution File, Format Version 12.00
# Visual Studio 15
VisualStudioVersion = 15.0.28307.168
MinimumVisualStudioVersion = 10.0.40219.1
Project("{FAE04EC0-301F-11D3-BF4B-00C04F79EFBC}") = "BarcodeScanner.Android", "BarcodeScanner\BarcodeScanner.Android\BarcodeScanner.Android.csproj", "{B82FF923-CE82-4D94-B740-20E7FAE61188}"
EndProject
Project("{FAE04EC0-301F-11D3-BF4B-00C04F79EFBC}") = "BarcodeScanner.iOS", "BarcodeScanner\BarcodeScanner.iOS\BarcodeScanner.iOS.csproj", "{2FDF6864-B7E0-4740-AFFF-9D850EA6FE8F}"
EndProject
Project("{9A19103F-16F7-4668-BE54-9A1E7A4F7556}") = "BarcodeScanner", "BarcodeScanner\BarcodeScanner\BarcodeScanner.csproj", "{6B1DDDDC-F589-40F7-B9F3-8C7398C79EC3}"
EndProject
Global
	GlobalSection(SolutionConfigurationPlatforms) = preSolution
		Ad-Hoc|Any CPU = Ad-Hoc|Any CPU
		Ad-Hoc|iPhone = Ad-Hoc|iPhone
		Ad-Hoc|iPhoneSimulator = Ad-Hoc|iPhoneSimulator
		AppStore|Any CPU = AppStore|Any CPU
		AppStore|iPhone = AppStore|iPhone
		AppStore|iPhoneSimulator = AppStore|iPhoneSimulator
		Debug|Any CPU = Debug|Any CPU
		Debug|iPhone = Debug|iPhone
		Debug|iPhoneSimulator = Debug|iPhoneSimulator
		Release|Any CPU = Release|Any CPU
		Release|iPhone = Release|iPhone
		Release|iPhoneSimulator = Release|iPhoneSimulator
	EndGlobalSection
	GlobalSection(ProjectConfigurationPlatforms) = postSolution
		{B82FF923-CE82-4D94-B740-20E7FAE61188}.Ad-Hoc|Any CPU.ActiveCfg = Release|Any CPU
		{B82FF923-CE82-4D94-B740-20E7FAE61188}.Ad-Hoc|Any CPU.Build.0 = Release|Any CPU
		{B82FF923-CE82-4D94-B740-20E7FAE61188}.Ad-Hoc|Any CPU.Deploy.0 = Release|Any CPU
		{B82FF923-CE82-4D94-B740-20E7FAE61188}.Ad-Hoc|iPhone.ActiveCfg = Release|Any CPU
		{B82FF923-CE82-4D94-B740-20E7FAE61188}.Ad-Hoc|iPhone.Build.0 = Release|Any CPU
		{B82FF923-CE82-4D94-B740-20E7FAE61188}.Ad-Hoc|iPhone.Deploy.0 = Release|Any CPU
		{B82FF923-CE82-4D94-B740-20E7FAE61188}.Ad-Hoc|iPhoneSimulator.ActiveCfg = Release|Any CPU
		{B82FF923-CE82-4D94-B740-20E7FAE61188}.Ad-Hoc|iPhoneSimulator.Build.0 = Release|Any CPU
		{B82FF923-CE82-4D94-B740-20E7FAE61188}.Ad-Hoc|iPhoneSimulator.Deploy.0 = Release|Any CPU
		{B82FF923-CE82-4D94-B740-20E7FAE61188}.AppStore|Any CPU.ActiveCfg = Release|Any CPU
		{B82FF923-CE82-4D94-B740-20E7FAE61188}.AppStore|Any CPU.Build.0 = Release|Any CPU
		{B82FF923-CE82-4D94-B740-20E7FAE61188}.AppStore|Any CPU.Deploy.0 = Release|Any CPU
		{B82FF923-CE82-4D94-B740-20E7FAE61188}.AppStore|iPhone.ActiveCfg = Release|Any CPU
		{B82FF923-CE82-4D94-B740-20E7FAE61188}.AppStore|iPhone.Build.0 = Release|Any CPU
		{B82FF923-CE82-4D94-B740-20E7FAE61188}.AppStore|iPhone.Deploy.0 = Release|Any CPU
		{B82FF923-CE82-4D94-B740-20E7FAE61188}.AppStore|iPhoneSimulator.ActiveCfg = Release|Any CPU
		{B82FF923-CE82-4D94-B740-20E7FAE61188}.AppStore|iPhoneSimulator.Build.0 = Release|Any CPU
		{B82FF923-CE82-4D94-B740-20E7FAE61188}.AppStore|iPhoneSimulator.Deploy.0 = Release|Any CPU
		{B82FF923-CE82-4D94-B740-20E7FAE61188}.Debug|Any CPU.ActiveCfg = Debug|Any CPU
		{B82FF923-CE82-4D94-B740-20E7FAE61188}.Debug|Any CPU.Build.0 = Debug|Any CPU
		{B82FF923-CE82-4D94-B740-20E7FAE61188}.Debug|Any CPU.Deploy.0 = Debug|Any CPU
		{B82FF923-CE82-4D94-B740-20E7FAE61188}.Debug|iPhone.ActiveCfg = Debug|Any CPU
		{B82FF923-CE82-4D94-B740-20E7FAE61188}.Debug|iPhone.Build.0 = Debug|Any CPU
		{B82FF923-CE82-4D94-B740-20E7FAE61188}.Debug|iPhone.Deploy.0 = Debug|Any CPU
		{B82FF923-CE82-4D94-B740-20E7FAE61188}.Debug|iPhoneSimulator.ActiveCfg = Debug|Any CPU
		{B82FF923-CE82-4D94-B740-20E7FAE61188}.Debug|iPhoneSimulator.Build.0 = Debug|Any CPU
		{B82FF923-CE82-4D94-B740-20E7FAE61188}.Debug|iPhoneSimulator.Deploy.0 = Debug|Any CPU
		{B82FF923-CE82-4D94-B740-20E7FAE61188}.Release|Any CPU.ActiveCfg = Release|Any CPU
		{B82FF923-CE82-4D94-B740-20E7FAE61188}.Release|Any CPU.Build.0 = Release|Any CPU
		{B82FF923-CE82-4D94-B740-20E7FAE61188}.Release|Any CPU.Deploy.0 = Release|Any CPU
		{B82FF923-CE82-4D94-B740-20E7FAE61188}.Release|iPhone.ActiveCfg = Release|Any CPU
		{B82FF923-CE82-4D94-B740-20E7FAE61188}.Release|iPhone.Build.0 = Release|Any CPU
		{B82FF923-CE82-4D94-B740-20E7FAE61188}.Release|iPhone.Deploy.0 = Release|Any CPU
		{B82FF923-CE82-4D94-B740-20E7FAE61188}.Release|iPhoneSimulator.ActiveCfg = Release|Any CPU
		{B82FF923-CE82-4D94-B740-20E7FAE61188}.Release|iPhoneSimulator.Build.0 = Release|Any CPU
		{B82FF923-CE82-4D94-B740-20E7FAE61188}.Release|iPhoneSimulator.Deploy.0 = Release|Any CPU
		{2FDF6864-B7E0-4740-AFFF-9D850EA6FE8F}.Ad-Hoc|Any CPU.ActiveCfg = Ad-Hoc|iPhone
		{2FDF6864-B7E0-4740-AFFF-9D850EA6FE8F}.Ad-Hoc|Any CPU.Build.0 = Ad-Hoc|iPhone
		{2FDF6864-B7E0-4740-AFFF-9D850EA6FE8F}.Ad-Hoc|Any CPU.Deploy.0 = Ad-Hoc|iPhone
		{2FDF6864-B7E0-4740-AFFF-9D850EA6FE8F}.Ad-Hoc|iPhone.ActiveCfg = Ad-Hoc|iPhone
		{2FDF6864-B7E0-4740-AFFF-9D850EA6FE8F}.Ad-Hoc|iPhone.Build.0 = Ad-Hoc|iPhone
		{2FDF6864-B7E0-4740-AFFF-9D850EA6FE8F}.Ad-Hoc|iPhone.Deploy.0 = Ad-Hoc|iPhone
		{2FDF6864-B7E0-4740-AFFF-9D850EA6FE8F}.Ad-Hoc|iPhoneSimulator.ActiveCfg = Ad-Hoc|iPhoneSimulator
		{2FDF6864-B7E0-4740-AFFF-9D850EA6FE8F}.Ad-Hoc|iPhoneSimulator.Build.0 = Ad-Hoc|iPhoneSimulator
		{2FDF6864-B7E0-4740-AFFF-9D850EA6FE8F}.Ad-Hoc|iPhoneSimulator.Deploy.0 = Ad-Hoc|iPhoneSimulator
		{2FDF6864-B7E0-4740-AFFF-9D850EA6FE8F}.AppStore|Any CPU.ActiveCfg = AppStore|iPhone
		{2FDF6864-B7E0-4740-AFFF-9D850EA6FE8F}.AppStore|Any CPU.Build.0 = AppStore|iPhone
		{2FDF6864-B7E0-4740-AFFF-9D850EA6FE8F}.AppStore|Any CPU.Deploy.0 = AppStore|iPhone
		{2FDF6864-B7E0-4740-AFFF-9D850EA6FE8F}.AppStore|iPhone.ActiveCfg = AppStore|iPhone
		{2FDF6864-B7E0-4740-AFFF-9D850EA6FE8F}.AppStore|iPhone.Build.0 = AppStore|iPhone
		{2FDF6864-B7E0-4740-AFFF-9D850EA6FE8F}.AppStore|iPhone.Deploy.0 = AppStore|iPhone
		{2FDF6864-B7E0-4740-AFFF-9D850EA6FE8F}.AppStore|iPhoneSimulator.ActiveCfg = AppStore|iPhoneSimulator
		{2FDF6864-B7E0-4740-AFFF-9D850EA6FE8F}.AppStore|iPhoneSimulator.Build.0 = AppStore|iPhoneSimulator
		{2FDF6864-B7E0-4740-AFFF-9D850EA6FE8F}.AppStore|iPhoneSimulator.Deploy.0 = AppStore|iPhoneSimulator
		{2FDF6864-B7E0-4740-AFFF-9D850EA6FE8F}.Debug|Any CPU.ActiveCfg = Debug|iPhoneSimulator
		{2FDF6864-B7E0-4740-AFFF-9D850EA6FE8F}.Debug|Any CPU.Deploy.0 = Debug|iPhoneSimulator
		{2FDF6864-B7E0-4740-AFFF-9D850EA6FE8F}.Debug|iPhone.ActiveCfg = Debug|iPhone
		{2FDF6864-B7E0-4740-AFFF-9D850EA6FE8F}.Debug|iPhone.Build.0 = Debug|iPhone
		{2FDF6864-B7E0-4740-AFFF-9D850EA6FE8F}.Debug|iPhone.Deploy.0 = Debug|iPhone
		{2FDF6864-B7E0-4740-AFFF-9D850EA6FE8F}.Debug|iPhoneSimulator.ActiveCfg = Debug|iPhoneSimulator
		{2FDF6864-B7E0-4740-AFFF-9D850EA6FE8F}.Debug|iPhoneSimulator.Build.0 = Debug|iPhoneSimulator
		{2FDF6864-B7E0-4740-AFFF-9D850EA6FE8F}.Debug|iPhoneSimulator.Deploy.0 = Debug|iPhoneSimulator
		{2FDF6864-B7E0-4740-AFFF-9D850EA6FE8F}.Release|Any CPU.ActiveCfg = Release|iPhone
		{2FDF6864-B7E0-4740-AFFF-9D850EA6FE8F}.Release|Any CPU.Build.0 = Release|iPhone
		{2FDF6864-B7E0-4740-AFFF-9D850EA6FE8F}.Release|Any CPU.Deploy.0 = Release|iPhone
		{2FDF6864-B7E0-4740-AFFF-9D850EA6FE8F}.Release|iPhone.ActiveCfg = Release|iPhone
		{2FDF6864-B7E0-4740-AFFF-9D850EA6FE8F}.Release|iPhone.Build.0 = Release|iPhone
		{2FDF6864-B7E0-4740-AFFF-9D850EA6FE8F}.Release|iPhone.Deploy.0 = Release|iPhone
		{2FDF6864-B7E0-4740-AFFF-9D850EA6FE8F}.Release|iPhoneSimulator.ActiveCfg = Release|iPhoneSimulator
		{2FDF6864-B7E0-4740-AFFF-9D850EA6FE8F}.Release|iPhoneSimulator.Build.0 = Release|iPhoneSimulator
		{2FDF6864-B7E0-4740-AFFF-9D850EA6FE8F}.Release|iPhoneSimulator.Deploy.0 = Release|iPhoneSimulator
		{6B1DDDDC-F589-40F7-B9F3-8C7398C79EC3}.Ad-Hoc|Any CPU.ActiveCfg = Debug|Any CPU
		{6B1DDDDC-F589-40F7-B9F3-8C7398C79EC3}.Ad-Hoc|Any CPU.Build.0 = Debug|Any CPU
		{6B1DDDDC-F589-40F7-B9F3-8C7398C79EC3}.Ad-Hoc|Any CPU.Deploy.0 = Debug|Any CPU
		{6B1DDDDC-F589-40F7-B9F3-8C7398C79EC3}.Ad-Hoc|iPhone.ActiveCfg = Debug|Any CPU
		{6B1DDDDC-F589-40F7-B9F3-8C7398C79EC3}.Ad-Hoc|iPhone.Build.0 = Debug|Any CPU
		{6B1DDDDC-F589-40F7-B9F3-8C7398C79EC3}.Ad-Hoc|iPhone.Deploy.0 = Debug|Any CPU
		{6B1DDDDC-F589-40F7-B9F3-8C7398C79EC3}.Ad-Hoc|iPhoneSimulator.ActiveCfg = Debug|Any CPU
		{6B1DDDDC-F589-40F7-B9F3-8C7398C79EC3}.Ad-Hoc|iPhoneSimulator.Build.0 = Debug|Any CPU
		{6B1DDDDC-F589-40F7-B9F3-8C7398C79EC3}.Ad-Hoc|iPhoneSimulator.Deploy.0 = Debug|Any CPU
		{6B1DDDDC-F589-40F7-B9F3-8C7398C79EC3}.AppStore|Any CPU.ActiveCfg = Debug|Any CPU
		{6B1DDDDC-F589-40F7-B9F3-8C7398C79EC3}.AppStore|Any CPU.Build.0 = Debug|Any CPU
		{6B1DDDDC-F589-40F7-B9F3-8C7398C79EC3}.AppStore|Any CPU.Deploy.0 = Debug|Any CPU
		{6B1DDDDC-F589-40F7-B9F3-8C7398C79EC3}.AppStore|iPhone.ActiveCfg = Debug|Any CPU
		{6B1DDDDC-F589-40F7-B9F3-8C7398C79EC3}.AppStore|iPhone.Build.0 = Debug|Any CPU
		{6B1DDDDC-F589-40F7-B9F3-8C7398C79EC3}.AppStore|iPhone.Deploy.0 = Debug|Any CPU
		{6B1DDDDC-F589-40F7-B9F3-8C7398C79EC3}.AppStore|iPhoneSimulator.ActiveCfg = Debug|Any CPU
		{6B1DDDDC-F589-40F7-B9F3-8C7398C79EC3}.AppStore|iPhoneSimulator.Build.0 = Debug|Any CPU
		{6B1DDDDC-F589-40F7-B9F3-8C7398C79EC3}.AppStore|iPhoneSimulator.Deploy.0 = Debug|Any CPU
		{6B1DDDDC-F589-40F7-B9F3-8C7398C79EC3}.Debug|Any CPU.ActiveCfg = Debug|Any CPU
		{6B1DDDDC-F589-40F7-B9F3-8C7398C79EC3}.Debug|Any CPU.Build.0 = Debug|Any CPU
		{6B1DDDDC-F589-40F7-B9F3-8C7398C79EC3}.Debug|Any CPU.Deploy.0 = Debug|Any CPU
		{6B1DDDDC-F589-40F7-B9F3-8C7398C79EC3}.Debug|iPhone.ActiveCfg = Debug|Any CPU
		{6B1DDDDC-F589-40F7-B9F3-8C7398C79EC3}.Debug|iPhone.Build.0 = Debug|Any CPU
		{6B1DDDDC-F589-40F7-B9F3-8C7398C79EC3}.Debug|iPhone.Deploy.0 = Debug|Any CPU
		{6B1DDDDC-F589-40F7-B9F3-8C7398C79EC3}.Debug|iPhoneSimulator.ActiveCfg = Debug|Any CPU
		{6B1DDDDC-F589-40F7-B9F3-8C7398C79EC3}.Debug|iPhoneSimulator.Build.0 = Debug|Any CPU
		{6B1DDDDC-F589-40F7-B9F3-8C7398C79EC3}.Debug|iPhoneSimulator.Deploy.0 = Debug|Any CPU
		{6B1DDDDC-F589-40F7-B9F3-8C7398C79EC3}.Release|Any CPU.ActiveCfg = Release|Any CPU
		{6B1DDDDC-F589-40F7-B9F3-8C7398C79EC3}.Release|Any CPU.Build.0 = Release|Any CPU
		{6B1DDDDC-F589-40F7-B9F3-8C7398C79EC3}.Release|Any CPU.Deploy.0 = Release|Any CPU
		{6B1DDDDC-F589-40F7-B9F3-8C7398C79EC3}.Release|iPhone.ActiveCfg = Release|Any CPU
		{6B1DDDDC-F589-40F7-B9F3-8C7398C79EC3}.Release|iPhone.Build.0 = Release|Any CPU
		{6B1DDDDC-F589-40F7-B9F3-8C7398C79EC3}.Release|iPhone.Deploy.0 = Release|Any CPU
		{6B1DDDDC-F589-40F7-B9F3-8C7398C79EC3}.Release|iPhoneSimulator.ActiveCfg = Release|Any CPU
		{6B1DDDDC-F589-40F7-B9F3-8C7398C79EC3}.Release|iPhoneSimulator.Build.0 = Release|Any CPU
		{6B1DDDDC-F589-40F7-B9F3-8C7398C79EC3}.Release|iPhoneSimulator.Deploy.0 = Release|Any CPU
	EndGlobalSection
	GlobalSection(SolutionProperties) = preSolution
		HideSolutionNode = FALSE
	EndGlobalSection
	GlobalSection(ExtensibilityGlobals) = postSolution
		SolutionGuid = {868DCE77-7181-4726-8A4B-EC6AA29AC6B5}
	EndGlobalSection
EndGlobal
